
Microsoft Visual Studio Solution File, Format Version 12.00
# Visual Studio Version 17
VisualStudioVersion = 17.7.34221.43
MinimumVisualStudioVersion = 10.0.40219.1
Project("{9A19103F-16F7-4668-BE54-9A1E7A4F7556}") = "Delegate", "Delegate\Delegate.csproj", "{14BAB907-B775-48DC-884D-B3D638BA4B2E}"
EndProject
Project("{9A19103F-16F7-4668-BE54-9A1E7A4F7556}") = "Event", "Event\Event.csproj", "{AED46269-B9DF-4454-A2B8-7D0513FA4EED}"
EndProject
Project("{9A19103F-16F7-4668-BE54-9A1E7A4F7556}") = "DelegateFirstTaskHW", "DelegateEventsHW\DelegateFirstTaskHW.csproj", "{228BD971-3DBE-4A84-A43C-72CF4B46CEBD}"
EndProject
Project("{9A19103F-16F7-4668-BE54-9A1E7A4F7556}") = "DelegateSecondTaskHW", "DelegateSecondTaskHW\DelegateSecondTaskHW.csproj", "{87FBD123-8567-433C-AFC9-EC22DC4AF2FA}"
EndProject
Project("{9A19103F-16F7-4668-BE54-9A1E7A4F7556}") = "DelegateThirdTaskHW", "DelegateThirdTaskHW\DelegateThirdTaskHW.csproj", "{77CA0E21-FC25-47FA-95DB-1F144442D8DD}"
EndProject
Global
	GlobalSection(SolutionConfigurationPlatforms) = preSolution
		Debug|Any CPU = Debug|Any CPU
		Release|Any CPU = Release|Any CPU
	EndGlobalSection
	GlobalSection(ProjectConfigurationPlatforms) = postSolution
		{14BAB907-B775-48DC-884D-B3D638BA4B2E}.Debug|Any CPU.ActiveCfg = Debug|Any CPU
		{14BAB907-B775-48DC-884D-B3D638BA4B2E}.Debug|Any CPU.Build.0 = Debug|Any CPU
		{14BAB907-B775-48DC-884D-B3D638BA4B2E}.Release|Any CPU.ActiveCfg = Release|Any CPU
		{14BAB907-B775-48DC-884D-B3D638BA4B2E}.Release|Any CPU.Build.0 = Release|Any CPU
		{AED46269-B9DF-4454-A2B8-7D0513FA4EED}.Debug|Any CPU.ActiveCfg = Debug|Any CPU
		{AED46269-B9DF-4454-A2B8-7D0513FA4EED}.Debug|Any CPU.Build.0 = Debug|Any CPU
		{AED46269-B9DF-4454-A2B8-7D0513FA4EED}.Release|Any CPU.ActiveCfg = Release|Any CPU
		{AED46269-B9DF-4454-A2B8-7D0513FA4EED}.Release|Any CPU.Build.0 = Release|Any CPU
		{228BD971-3DBE-4A84-A43C-72CF4B46CEBD}.Debug|Any CPU.ActiveCfg = Debug|Any CPU
		{228BD971-3DBE-4A84-A43C-72CF4B46CEBD}.Debug|Any CPU.Build.0 = Debug|Any CPU
		{228BD971-3DBE-4A84-A43C-72CF4B46CEBD}.Release|Any CPU.ActiveCfg = Release|Any CPU
		{228BD971-3DBE-4A84-A43C-72CF4B46CEBD}.Release|Any CPU.Build.0 = Release|Any CPU
		{87FBD123-8567-433C-AFC9-EC22DC4AF2FA}.Debug|Any CPU.ActiveCfg = Debug|Any CPU
		{87FBD123-8567-433C-AFC9-EC22DC4AF2FA}.Debug|Any CPU.Build.0 = Debug|Any CPU
		{87FBD123-8567-433C-AFC9-EC22DC4AF2FA}.Release|Any CPU.ActiveCfg = Release|Any CPU
		{87FBD123-8567-433C-AFC9-EC22DC4AF2FA}.Release|Any CPU.Build.0 = Release|Any CPU
		{77CA0E21-FC25-47FA-95DB-1F144442D8DD}.Debug|Any CPU.ActiveCfg = Debug|Any CPU
		{77CA0E21-FC25-47FA-95DB-1F144442D8DD}.Debug|Any CPU.Build.0 = Debug|Any CPU
		{77CA0E21-FC25-47FA-95DB-1F144442D8DD}.Release|Any CPU.ActiveCfg = Release|Any CPU
		{77CA0E21-FC25-47FA-95DB-1F144442D8DD}.Release|Any CPU.Build.0 = Release|Any CPU
	EndGlobalSection
	GlobalSection(SolutionProperties) = preSolution
		HideSolutionNode = FALSE
	EndGlobalSection
	GlobalSection(ExtensibilityGlobals) = postSolution
		SolutionGuid = {F5F639C9-8FEB-440E-B9D5-10E67E55C302}
	EndGlobalSection
EndGlobal
